Microsoft Visual Studio Solution File, Format Version 12.00
# Visual Studio Version 17
VisualStudioVersion = 17.5.2.0
MinimumVisualStudioVersion = 10.0.40219.1
Project("{FAE04EC0-301F-11D3-BF4B-00C04F79EFBC}") = "NileLangCompiler", "NileLangCompiler.csproj", "{87856A90-E6D8-CAD4-1BEC-FCEDFA26030A}"
EndProject
Global
	GlobalSection(SolutionConfigurationPlatforms) = preSolution
		Debug|Any CPU = Debug|Any CPU
		Release|Any CPU = Release|Any CPU
	EndGlobalSection
	GlobalSection(ProjectConfigurationPlatforms) = postSolution
		{87856A90-E6D8-CAD4-1BEC-FCEDFA26030A}.Debug|Any CPU.ActiveCfg = Debug|Any CPU
		{87856A90-E6D8-CAD4-1BEC-FCEDFA26030A}.Debug|Any CPU.Build.0 = Debug|Any CPU
		{87856A90-E6D8-CAD4-1BEC-FCEDFA26030A}.Release|Any CPU.ActiveCfg = Release|Any CPU
		{87856A90-E6D8-CAD4-1BEC-FCEDFA26030A}.Release|Any CPU.Build.0 = Release|Any CPU
	EndGlobalSection
	GlobalSection(SolutionProperties) = preSolution
		HideSolutionNode = FALSE
	EndGlobalSection
	GlobalSection(ExtensibilityGlobals) = postSolution
		SolutionGuid = {0BC41AFA-0F80-4C59-82DE-98CB473D2ECD}
	EndGlobalSection
EndGlobal
